
Microsoft Visual Studio Solution File, Format Version 12.00
# Visual Studio Version 16
VisualStudioVersion = 16.0.34114.132
MinimumVisualStudioVersion = 10.0.40219.1
Project("{FAE04EC0-301F-11D3-BF4B-00C04F79EFBC}") = "QuanLyTapHoa", "QuanLyTapHoa\QuanLyTapHoa.csproj", "{691F7506-733F-4198-924F-A3EA33258547}"
EndProject
Global
	GlobalSection(SolutionConfigurationPlatforms) = preSolution
		Debug|Any CPU = Debug|Any CPU
		Release|Any CPU = Release|Any CPU
	EndGlobalSection
	GlobalSection(ProjectConfigurationPlatforms) = postSolution
		{691F7506-733F-4198-924F-A3EA33258547}.Debug|Any CPU.ActiveCfg = Debug|Any CPU
		{691F7506-733F-4198-924F-A3EA33258547}.Debug|Any CPU.Build.0 = Debug|Any CPU
		{691F7506-733F-4198-924F-A3EA33258547}.Release|Any CPU.ActiveCfg = Release|Any CPU
		{691F7506-733F-4198-924F-A3EA33258547}.Release|Any CPU.Build.0 = Release|Any CPU
	EndGlobalSection
	GlobalSection(SolutionProperties) = preSolution
		HideSolutionNode = FALSE
	EndGlobalSection
	GlobalSection(ExtensibilityGlobals) = postSolution
		SolutionGuid = {45F1F644-AF00-4479-883C-A36F87721E71}
	EndGlobalSection
EndGlobal
